Microsoft Visual Studio Solution File, Format Version 11.00
# Visual Studio 2008

Project("{2C831144-C9A6-B940-4625-ABD7B25165D7}") = "Myo My", "Assembly-CSharp.csproj", "{A53D0295-C194-BDAE-B753-6F25452E7C74}"
EndProject
Global
	GlobalSection(SolutionConfigurationPlatforms) = preSolution
		Debug|Any CPU = Debug|Any CPU
		Release|Any CPU = Release|Any CPU
	EndGlobalSection
	GlobalSection(ProjectConfigurationPlatforms) = postSolution
		{A53D0295-C194-BDAE-B753-6F25452E7C74}.Debug|Any CPU.ActiveCfg = Debug|Any CPU
		{A53D0295-C194-BDAE-B753-6F25452E7C74}.Debug|Any CPU.Build.0 = Debug|Any CPU
		{A53D0295-C194-BDAE-B753-6F25452E7C74}.Release|Any CPU.ActiveCfg = Release|Any CPU
		{A53D0295-C194-BDAE-B753-6F25452E7C74}.Release|Any CPU.Build.0 = Release|Any CPU
	EndGlobalSection
	GlobalSection(SolutionProperties) = preSolution
		HideSolutionNode = FALSE
	EndGlobalSection
	GlobalSection(MonoDevelopProperties) = preSolution
		StartupItem = Assembly-CSharp.csproj
	EndGlobalSection
EndGlobal
